
Microsoft Visual Studio Solution File, Format Version 12.00
# Visual Studio 2013
VisualStudioVersion = 12.0.31101.0
MinimumVisualStudioVersion = 10.0.40219.1
Project("{FAE04EC0-301F-11D3-BF4B-00C04F79EFBC}") = "NLP.PorterSample", "NLP.PorterSample\NLP.PorterSample.csproj", "{3DF8C758-D471-45EF-8C7C-893A3C1008CA}"
EndProject
Project("{FAE04EC0-301F-11D3-BF4B-00C04F79EFBC}") = "NLP.Thesaurus", "NLP.Thesaurus\NLP.Thesaurus.csproj", "{2F5C308A-6215-4429-A788-C99D17282FB9}"
EndProject
Project("{FAE04EC0-301F-11D3-BF4B-00C04F79EFBC}") = "NLP.TextAnnotation", "NLP.TextAnnotation\NLP.TextAnnotation.csproj", "{5282D6B4-7490-4032-8671-748BBA21B2F2}"
EndProject
Project("{FAE04EC0-301F-11D3-BF4B-00C04F79EFBC}") = "NLP.Algorithms", "NLP.Algorithms\NLP.Algorithms.csproj", "{075A10DB-2369-417B-A5D6-06E5C1A862E2}"
EndProject
Global
	GlobalSection(SolutionConfigurationPlatforms) = preSolution
		Debug|Any CPU = Debug|Any CPU
		Release|Any CPU = Release|Any CPU
	EndGlobalSection
	GlobalSection(ProjectConfigurationPlatforms) = postSolution
		{3DF8C758-D471-45EF-8C7C-893A3C1008CA}.Debug|Any CPU.ActiveCfg = Debug|Any CPU
		{3DF8C758-D471-45EF-8C7C-893A3C1008CA}.Debug|Any CPU.Build.0 = Debug|Any CPU
		{3DF8C758-D471-45EF-8C7C-893A3C1008CA}.Release|Any CPU.ActiveCfg = Release|Any CPU
		{3DF8C758-D471-45EF-8C7C-893A3C1008CA}.Release|Any CPU.Build.0 = Release|Any CPU
		{2F5C308A-6215-4429-A788-C99D17282FB9}.Debug|Any CPU.ActiveCfg = Debug|Any CPU
		{2F5C308A-6215-4429-A788-C99D17282FB9}.Debug|Any CPU.Build.0 = Debug|Any CPU
		{2F5C308A-6215-4429-A788-C99D17282FB9}.Release|Any CPU.ActiveCfg = Release|Any CPU
		{2F5C308A-6215-4429-A788-C99D17282FB9}.Release|Any CPU.Build.0 = Release|Any CPU
		{5282D6B4-7490-4032-8671-748BBA21B2F2}.Debug|Any CPU.ActiveCfg = Debug|Any CPU
		{5282D6B4-7490-4032-8671-748BBA21B2F2}.Debug|Any CPU.Build.0 = Debug|Any CPU
		{5282D6B4-7490-4032-8671-748BBA21B2F2}.Release|Any CPU.ActiveCfg = Release|Any CPU
		{5282D6B4-7490-4032-8671-748BBA21B2F2}.Release|Any CPU.Build.0 = Release|Any CPU
		{075A10DB-2369-417B-A5D6-06E5C1A862E2}.Debug|Any CPU.ActiveCfg = Debug|Any CPU
		{075A10DB-2369-417B-A5D6-06E5C1A862E2}.Debug|Any CPU.Build.0 = Debug|Any CPU
		{075A10DB-2369-417B-A5D6-06E5C1A862E2}.Release|Any CPU.ActiveCfg = Release|Any CPU
		{075A10DB-2369-417B-A5D6-06E5C1A862E2}.Release|Any CPU.Build.0 = Release|Any CPU
	EndGlobalSection
	GlobalSection(SolutionProperties) = preSolution
		HideSolutionNode = FALSE
	EndGlobalSection
EndGlobal
